// !$*UTF8*$!
{
	archiveVersion = 1;
	classes = {
	};
	objectVersion = 50;
	objects = {

/* Begin PBXBuildFile section */
		CCC9941720FABB020079A656 /* AppDelegate.swift in Sources */ = {isa = PBXBuildFile; fileRef = CCC9941620FABB020079A656 /* AppDelegate.swift */; };
		CCC9941920FABB020079A656 /* FirstViewController.swift in Sources */ = {isa = PBXBuildFile; fileRef = CCC9941820FABB020079A656 /* FirstViewController.swift */; };
		CCC9941E20FABB020079A656 /* Main.storyboard in Resources */ = {isa = PBXBuildFile; fileRef = CCC9941C20FABB020079A656 /* Main.storyboard */; };
		CCC9942020FABB030079A656 /* Assets.xcassets in Resources */ = {isa = PBXBuildFile; fileRef = CCC9941F20FABB030079A656 /* Assets.xcassets */; };
		CCC9942320FABB030079A656 /* LaunchScreen.storyboard in Resources */ = {isa = PBXBuildFile; fileRef = CCC9942120FABB030079A656 /* LaunchScreen.storyboard */; };
		E916B13D2106D65B005E30D8 /* DetailViewController.swift in Sources */ = {isa = PBXBuildFile; fileRef = E916B13C2106D65B005E30D8 /* DetailViewController.swift */; };
		E95BDADD2107CD910060E6F0 /* NewsViewController.swift in Sources */ = {isa = PBXBuildFile; fileRef = E95BDADC2107CD910060E6F0 /* NewsViewController.swift */; };
		E95BDB872107F4370060E6F0 /* LocationSearchTable.swift in Sources */ = {isa = PBXBuildFile; fileRef = E95BDB862107F4370060E6F0 /* LocationSearchTable.swift */; };
		E95BDB892107FC320060E6F0 /* ViewController.swift in Sources */ = {isa = PBXBuildFile; fileRef = E95BDB882107FC320060E6F0 /* ViewController.swift */; };
		E97290C32108459C0000660D /* RestaurantViewController.swift in Sources */ = {isa = PBXBuildFile; fileRef = E97290C22108459C0000660D /* RestaurantViewController.swift */; };
		E9FD4D3B20FD202A0011AAAF /* ThirdViewController.swift in Sources */ = {isa = PBXBuildFile; fileRef = E9FD4D3A20FD202A0011AAAF /* ThirdViewController.swift */; };
		E9FD4D3F20FD281F0011AAAF /* Images.xcassets in Resources */ = {isa = PBXBuildFile; fileRef = E9FD4D3E20FD281F0011AAAF /* Images.xcassets */; };
		E9FD4D4120FD38700011AAAF /* SavedViewController.swift in Sources */ = {isa = PBXBuildFile; fileRef = E9FD4D4020FD38700011AAAF /* SavedViewController.swift */; };
		E9FD4D4520FD39960011AAAF /* HomeModel.swift in Sources */ = {isa = PBXBuildFile; fileRef = E9FD4D4420FD39960011AAAF /* HomeModel.swift */; };
		E9FD4D4720FD39A90011AAAF /* LocationModel.swift in Sources */ = {isa = PBXBuildFile; fileRef = E9FD4D4620FD39A90011AAAF /* LocationModel.swift */; };
/* End PBXBuildFile section */

/* Begin PBXCopyFilesBuildPhase section */
		E95BDB532107DEF60060E6F0 /* Embed Frameworks */ = {
			isa = PBXCopyFilesBuildPhase;
			buildActionMask = 2147483647;
			dstPath = "";
			dstSubfolderSpec = 10;
			files = (
			);
			name = "Embed Frameworks";
			runOnlyForDeploymentPostprocessing = 0;
		};
/* End PBXCopyFilesBuildPhase section */

/* Begin PBXFileReference section */
		CCC9941320FABB020079A656 /* party4upro.app */ = {isa = PBXFileReference; explicitFileType = wrapper.application; includeInIndex = 0; path = party4upro.app; sourceTree = BUILT_PRODUCTS_DIR; };
		CCC9941620FABB020079A656 /* AppDelegate.swift */ = {isa = PBXFileReference; lastKnownFileType = sourcecode.swift; path = AppDelegate.swift; sourceTree = "<group>"; };
		CCC9941820FABB020079A656 /* FirstViewController.swift */ = {isa = PBXFileReference; lastKnownFileType = sourcecode.swift; path = FirstViewController.swift; sourceTree = "<group>"; };
		CCC9941D20FABB020079A656 /* Base */ = {isa = PBXFileReference; lastKnownFileType = file.storyboard; name = Base; path = Base.lproj/Main.storyboard; sourceTree = "<group>"; };
		CCC9941F20FABB030079A656 /* Assets.xcassets */ = {isa = PBXFileReference; lastKnownFileType = folder.assetcatalog; path = Assets.xcassets; sourceTree = "<group>"; };
		CCC9942220FABB030079A656 /* Base */ = {isa = PBXFileReference; lastKnownFileType = file.storyboard; name = Base; path = Base.lproj/LaunchScreen.storyboard; sourceTree = "<group>"; };
		CCC9942420FABB030079A656 /* Info.plist */ = {isa = PBXFileReference; lastKnownFileType = text.plist.xml; path = Info.plist; sourceTree = "<group>"; };
		E916B13C2106D65B005E30D8 /* DetailViewController.swift */ = {isa = PBXFileReference; lastKnownFileType = sourcecode.swift; path = DetailViewController.swift; sourceTree = "<group>"; };
		E95BDADC2107CD910060E6F0 /* NewsViewController.swift */ = {isa = PBXFileReference; lastKnownFileType = sourcecode.swift; path = NewsViewController.swift; sourceTree = "<group>"; };
		E95BDB862107F4370060E6F0 /* LocationSearchTable.swift */ = {isa = PBXFileReference; lastKnownFileType = sourcecode.swift; path = LocationSearchTable.swift; sourceTree = "<group>"; };
		E95BDB882107FC320060E6F0 /* ViewController.swift */ = {isa = PBXFileReference; lastKnownFileType = sourcecode.swift; path = ViewController.swift; sourceTree = "<group>"; };
		E97290C22108459C0000660D /* RestaurantViewController.swift */ = {isa = PBXFileReference; lastKnownFileType = sourcecode.swift; path = RestaurantViewController.swift; sourceTree = "<group>"; };
		E9FD4D3A20FD202A0011AAAF /* ThirdViewController.swift */ = {isa = PBXFileReference; lastKnownFileType = sourcecode.swift; path = ThirdViewController.swift; sourceTree = "<group>"; };
		E9FD4D3E20FD281F0011AAAF /* Images.xcassets */ = {isa = PBXFileReference; lastKnownFileType = folder.assetcatalog; path = Images.xcassets; sourceTree = "<group>"; };
		E9FD4D4020FD38700011AAAF /* SavedViewController.swift */ = {isa = PBXFileReference; lastKnownFileType = sourcecode.swift; path = SavedViewController.swift; sourceTree = "<group>"; };
		E9FD4D4420FD39960011AAAF /* HomeModel.swift */ = {isa = PBXFileReference; lastKnownFileType = sourcecode.swift; path = HomeModel.swift; sourceTree = "<group>"; };
		E9FD4D4620FD39A90011AAAF /* LocationModel.swift */ = {isa = PBXFileReference; lastKnownFileType = sourcecode.swift; path = LocationModel.swift; sourceTree = "<group>"; };
/* End PBXFileReference section */

/* Begin PBXFrameworksBuildPhase section */
		CCC9941020FABB020079A656 /* Frameworks */ = {
			isa = PBXFrameworksBuildPhase;
			buildActionMask = 2147483647;
			files = (
			);
			runOnlyForDeploymentPostprocessing = 0;
		};
/* End PBXFrameworksBuildPhase section */

/* Begin PBXGroup section */
		CCC9940A20FABB020079A656 = {
			isa = PBXGroup;
			children = (
				CCC9941520FABB020079A656 /* party4upro */,
				CCC9941420FABB020079A656 /* Products */,
			);
			sourceTree = "<group>";
		};
		CCC9941420FABB020079A656 /* Products */ = {
			isa = PBXGroup;
			children = (
				CCC9941320FABB020079A656 /* party4upro.app */,
			);
			name = Products;
			sourceTree = "<group>";
		};
		CCC9941520FABB020079A656 /* party4upro */ = {
			isa = PBXGroup;
			children = (
				CCC9941620FABB020079A656 /* AppDelegate.swift */,
				CCC9941820FABB020079A656 /* FirstViewController.swift */,
				CCC9941C20FABB020079A656 /* Main.storyboard */,
				CCC9941F20FABB030079A656 /* Assets.xcassets */,
				CCC9942120FABB030079A656 /* LaunchScreen.storyboard */,
				CCC9942420FABB030079A656 /* Info.plist */,
				E9FD4D3A20FD202A0011AAAF /* ThirdViewController.swift */,
				E9FD4D3E20FD281F0011AAAF /* Images.xcassets */,
				E9FD4D4020FD38700011AAAF /* SavedViewController.swift */,
				E9FD4D4420FD39960011AAAF /* HomeModel.swift */,
				E9FD4D4620FD39A90011AAAF /* LocationModel.swift */,
				E916B13C2106D65B005E30D8 /* DetailViewController.swift */,
				E95BDADC2107CD910060E6F0 /* NewsViewController.swift */,
				E95BDB862107F4370060E6F0 /* LocationSearchTable.swift */,
				E95BDB882107FC320060E6F0 /* ViewController.swift */,
				E97290C22108459C0000660D /* RestaurantViewController.swift */,
			);
			path = party4upro;
			sourceTree = "<group>";
		};
/* End PBXGroup section */

/* Begin PBXNativeTarget section */
		CCC9941220FABB020079A656 /* party4upro */ = {
			isa = PBXNativeTarget;
			buildConfigurationList = CCC9942720FABB030079A656 /* Build configuration list for PBXNativeTarget "party4upro" */;
			buildPhases = (
				CCC9940F20FABB020079A656 /* Sources */,
				CCC9941020FABB020079A656 /* Frameworks */,
				CCC9941120FABB020079A656 /* Resources */,
				E95BDB532107DEF60060E6F0 /* Embed Frameworks */,
			);
			buildRules = (
			);
			dependencies = (
			);
			name = party4upro;
			productName = party4upro;
			productReference = CCC9941320FABB020079A656 /* party4upro.app */;
			productType = "com.apple.product-type.application";
		};
/* End PBXNativeTarget section */

/* Begin PBXProject section */
		CCC9940B20FABB020079A656 /* Project object */ = {
			isa = PBXProject;
			attributes = {
				LastSwiftUpdateCheck = 0940;
				LastUpgradeCheck = 0940;
				ORGANIZATIONNAME = "Nancy Sharma";
				TargetAttributes = {
					CCC9941220FABB020079A656 = {
						CreatedOnToolsVersion = 9.4.1;
					};
				};
			};
			buildConfigurationList = CCC9940E20FABB020079A656 /* Build configuration list for PBXProject "party4upro" */;
			compatibilityVersion = "Xcode 9.3";
			developmentRegion = en;
			hasScannedForEncodings = 0;
			knownRegions = (
				en,
				Base,
			);
			mainGroup = CCC9940A20FABB020079A656;
			productRefGroup = CCC9941420FABB020079A656 /* Products */;
			projectDirPath = "";
			projectRoot = "";
			targets = (
				CCC9941220FABB020079A656 /* party4upro */,
			);
		};
/* End PBXProject section */

/* Begin PBXResourcesBuildPhase section */
		CCC9941120FABB020079A656 /* Resources */ = {
			isa = PBXResourcesBuildPhase;
			buildActionMask = 2147483647;
			files = (
				CCC9942320FABB030079A656 /* LaunchScreen.storyboard in Resources */,
				E9FD4D3F20FD281F0011AAAF /* Images.xcassets in Resources */,
				CCC9942020FABB030079A656 /* Assets.xcassets in Resources */,
				CCC9941E20FABB020079A656 /* Main.storyboard in Resources */,
			);
			runOnlyForDeploymentPostprocessing = 0;
		};
/* End PBXResourcesBuildPhase section */

/* Begin PBXSourcesBuildPhase section */
		CCC9940F20FABB020079A656 /* Sources */ = {
			isa = PBXSourcesBuildPhase;
			buildActionMask = 2147483647;
			files = (
				E95BDB892107FC320060E6F0 /* ViewController.swift in Sources */,
				E916B13D2106D65B005E30D8 /* DetailViewController.swift in Sources */,
				E95BDB872107F4370060E6F0 /* LocationSearchTable.swift in Sources */,
				E9FD4D4720FD39A90011AAAF /* LocationModel.swift in Sources */,
				E9FD4D4120FD38700011AAAF /* SavedViewController.swift in Sources */,
				E9FD4D4520FD39960011AAAF /* HomeModel.swift in Sources */,
				CCC9941720FABB020079A656 /* AppDelegate.swift in Sources */,
				E95BDADD2107CD910060E6F0 /* NewsViewController.swift in Sources */,
				E9FD4D3B20FD202A0011AAAF /* ThirdViewController.swift in Sources */,
				E97290C32108459C0000660D /* RestaurantViewController.swift in Sources */,
				CCC9941920FABB020079A656 /* FirstViewController.swift in Sources */,
			);
			runOnlyForDeploymentPostprocessing = 0;
		};
/* End PBXSourcesBuildPhase section */

/* Begin PBXVariantGroup section */
		CCC9941C20FABB020079A656 /* Main.storyboard */ = {
			isa = PBXVariantGroup;
			children = (
				CCC9941D20FABB020079A656 /* Base */,
			);
			name = Main.storyboard;
			sourceTree = "<group>";
		};
		CCC9942120FABB030079A656 /* LaunchScreen.storyboard */ = {
			isa = PBXVariantGroup;
			children = (
				CCC9942220FABB030079A656 /* Base */,
			);
			name = LaunchScreen.storyboard;
			sourceTree = "<group>";
		};
/* End PBXVariantGroup section */

/* Begin XCBuildConfiguration section */
		CCC9942520FABB030079A656 /* Debug */ = {
			isa = XCBuildConfiguration;
			buildSettings = {
				ALWAYS_SEARCH_USER_PATHS = NO;
				CLANG_ANALYZER_NONNULL = YES;
				CLANG_ANALYZER_NUMBER_OBJECT_CONVERSION = YES_AGGRESSIVE;
				CLANG_CXX_LANGUAGE_STANDARD = "gnu++14";
				CLANG_CXX_LIBRARY = "libc++";
				CLANG_ENABLE_MODULES = YES;
				CLANG_ENABLE_OBJC_ARC = YES;
				CLANG_ENABLE_OBJC_WEAK = YES;
				CLANG_WARN_BLOCK_CAPTURE_AUTORELEASING = YES;
				CLANG_WARN_BOOL_CONVERSION = YES;
				CLANG_WARN_COMMA = YES;
				CLANG_WARN_CONSTANT_CONVERSION = YES;
				CLANG_WARN_DEPRECATED_OBJC_IMPLEMENTATIONS = YES;
				CLANG_WARN_DIRECT_OBJC_ISA_USAGE = YES_ERROR;
				CLANG_WARN_DOCUMENTATION_COMMENTS = YES;
				CLANG_WARN_EMPTY_BODY = YES;
				CLANG_WARN_ENUM_CONVERSION = YES;
				CLANG_WARN_INFINITE_RECURSION = YES;
				CLANG_WARN_INT_CONVERSION = YES;
				CLANG_WARN_NON_LITERAL_NULL_CONVERSION = YES;
				CLANG_WARN_OBJC_IMPLICIT_RETAIN_SELF = YES;
				CLANG_WARN_OBJC_LITERAL_CONVERSION = YES;
				CLANG_WARN_OBJC_ROOT_CLASS = YES_ERROR;
				CLANG_WARN_RANGE_LOOP_ANALYSIS = YES;
				CLANG_WARN_STRICT_PROTOTYPES = YES;
				CLANG_WARN_SUSPICIOUS_MOVE = YES;
				CLANG_WARN_UNGUARDED_AVAILABILITY = YES_AGGRESSIVE;
				CLANG_WARN_UNREACHABLE_CODE = YES;
				CLANG_WARN__DUPLICATE_METHOD_MATCH = YES;
				CODE_SIGN_IDENTITY = "iPhone Developer";
				COPY_PHASE_STRIP = NO;
				DEBUG_INFORMATION_FORMAT = dwarf;
				ENABLE_STRICT_OBJC_MSGSEND = YES;
				ENABLE_TESTABILITY = YES;
				GCC_C_LANGUAGE_STANDARD = gnu11;
				GCC_DYNAMIC_NO_PIC = NO;
				GCC_NO_COMMON_BLOCKS = YES;
				GCC_OPTIMIZATION_LEVEL = 0;
				GCC_PREPROCESSOR_DEFINITIONS = (
					"DEBUG=1",
					"$(inherited)",
				);
				GCC_WARN_64_TO_32_BIT_CONVERSION = YES;
				GCC_WARN_ABOUT_RETURN_TYPE = YES_ERROR;
				GCC_WARN_UNDECLARED_SELECTOR = YES;
				GCC_WARN_UNINITIALIZED_AUTOS = YES_AGGRESSIVE;
				GCC_WARN_UNUSED_FUNCTION = YES;
				GCC_WARN_UNUSED_VARIABLE = YES;
				IPHONEOS_DEPLOYMENT_TARGET = 11.4;
				MTL_ENABLE_DEBUG_INFO = YES;
				ONLY_ACTIVE_ARCH = YES;
				SDKROOT = iphoneos;
				SWIFT_ACTIVE_COMPILATION_CONDITIONS = DEBUG;
				SWIFT_OPTIMIZATION_LEVEL = "-Onone";
			};
			name = Debug;
		};
		CCC9942620FABB030079A656 /* Release */ = {
			isa = XCBuildConfiguration;
			buildSettings = {
				ALWAYS_SEARCH_USER_PATHS = NO;
				CLANG_ANALYZER_NONNULL = YES;
				CLANG_ANALYZER_NUMBER_OBJECT_CONVERSION = YES_AGGRESSIVE;
				CLANG_CXX_LANGUAGE_STANDARD = "gnu++14";
				CLANG_CXX_LIBRARY = "libc++";
				CLANG_ENABLE_MODULES = YES;
				CLANG_ENABLE_OBJC_ARC = YES;
				CLANG_ENABLE_OBJC_WEAK = YES;
				CLANG_WARN_BLOCK_CAPTURE_AUTORELEASING = YES;
				CLANG_WARN_BOOL_CONVERSION = YES;
				CLANG_WARN_COMMA = YES;
				CLANG_WARN_CONSTANT_CONVERSION = YES;
				CLANG_WARN_DEPRECATED_OBJC_IMPLEMENTATIONS = YES;
				CLANG_WARN_DIRECT_OBJC_ISA_USAGE = YES_ERROR;
				CLANG_WARN_DOCUMENTATION_COMMENTS = YES;
				CLANG_WARN_EMPTY_BODY = YES;
				CLANG_WARN_ENUM_CONVERSION = YES;
				CLANG_WARN_INFINITE_RECURSION = YES;
				CLANG_WARN_INT_CONVERSION = YES;
				CLANG_WARN_NON_LITERAL_NULL_CONVERSION = YES;
				CLANG_WARN_OBJC_IMPLICIT_RETAIN_SELF = YES;
				CLANG_WARN_OBJC_LITERAL_CONVERSION = YES;
				CLANG_WARN_OBJC_ROOT_CLASS = YES_ERROR;
				CLANG_WARN_RANGE_LOOP_ANALYSIS = YES;
				CLANG_WARN_STRICT_PROTOTYPES = YES;
				CLANG_WARN_SUSPICIOUS_MOVE = YES;
				CLANG_WARN_UNGUARDED_AVAILABILITY = YES_AGGRESSIVE;
				CLANG_WARN_UNREACHABLE_CODE = YES;
				CLANG_WARN__DUPLICATE_METHOD_MATCH = YES;
				CODE_SIGN_IDENTITY = "iPhone Developer";
				COPY_PHASE_STRIP = NO;
				DEBUG_INFORMATION_FORMAT = "dwarf-with-dsym";
				ENABLE_NS_ASSERTIONS = NO;
				ENABLE_STRICT_OBJC_MSGSEND = YES;
				GCC_C_LANGUAGE_STANDARD = gnu11;
				GCC_NO_COMMON_BLOCKS = YES;
				GCC_WARN_64_TO_32_BIT_CONVERSION = YES;
				GCC_WARN_ABOUT_RETURN_TYPE = YES_ERROR;
				GCC_WARN_UNDECLARED_SELECTOR = YES;
				GCC_WARN_UNINITIALIZED_AUTOS = YES_AGGRESSIVE;
				GCC_WARN_UNUSED_FUNCTION = YES;
				GCC_WARN_UNUSED_VARIABLE = YES;
				IPHONEOS_DEPLOYMENT_TARGET = 11.4;
				MTL_ENABLE_DEBUG_INFO = NO;
				SDKROOT = iphoneos;
				SWIFT_COMPILATION_MODE = wholemodule;
				SWIFT_OPTIMIZATION_LEVEL = "-O";
				VALIDATE_PRODUCT = YES;
			};
			name = Release;
		};
		CCC9942820FABB030079A656 /* Debug */ = {
			isa = XCBuildConfiguration;
			buildSettings = {
				ASSETCATALOG_COMPILER_APPICON_NAME = AppIcon;
				ASSETCATALOG_COMPILER_LAUNCHIMAGE_NAME = LaunchImage;
				CODE_SIGN_STYLE = Automatic;
				DEVELOPMENT_TEAM = 3C5XXFQ49K;
				FRAMEWORK_SEARCH_PATHS = "";
				INFOPLIST_FILE = party4upro/Info.plist;
				LD_RUNPATH_SEARCH_PATHS = (
					"$(inherited)",
					"@executable_path/Frameworks",
				);
				PRODUCT_BUNDLE_IDENTIFIER = com.arshdeep.party4upro;
				PRODUCT_NAME = "$(TARGET_NAME)";
				SWIFT_VERSION = 3.0;
				TARGETED_DEVICE_FAMILY = "1,2";
			};
			name = Debug;
		};
		CCC9942920FABB030079A656 /* Release */ = {
			isa = XCBuildConfiguration;
			buildSettings = {
				ASSETCATALOG_COMPILER_APPICON_NAME = AppIcon;
				ASSETCATALOG_COMPILER_LAUNCHIMAGE_NAME = LaunchImage;
				CODE_SIGN_STYLE = Automatic;
				DEVELOPMENT_TEAM = 3C5XXFQ49K;
				FRAMEWORK_SEARCH_PATHS = "";
				INFOPLIST_FILE = party4upro/Info.plist;
				LD_RUNPATH_SEARCH_PATHS = (
					"$(inherited)",
					"@executable_path/Frameworks",
				);
				PRODUCT_BUNDLE_IDENTIFIER = com.arshdeep.party4upro;
				PRODUCT_NAME = "$(TARGET_NAME)";
				SWIFT_VERSION = 3.0;
				TARGETED_DEVICE_FAMILY = "1,2";
			};
			name = Release;
		};
/* End XCBuildConfiguration section */

/* Begin XCConfigurationList section */
		CCC9940E20FABB020079A656 /* Build configuration list for PBXProject "party4upro" */ = {
			isa = XCConfigurationList;
			buildConfigurations = (
				CCC9942520FABB030079A656 /* Debug */,
				CCC9942620FABB030079A656 /* Release */,
			);
			defaultConfigurationIsVisible = 0;
			defaultConfigurationName = Release;
		};
		CCC9942720FABB030079A656 /* Build configuration list for PBXNativeTarget "party4upro" */ = {
			isa = XCConfigurationList;
			buildConfigurations = (
				CCC9942820FABB030079A656 /* Debug */,
				CCC9942920FABB030079A656 /* Release */,
			);
			defaultConfigurationIsVisible = 0;
			defaultConfigurationName = Release;
		};
/* End XCConfigurationList section */
	};
	rootObject = CCC9940B20FABB020079A656 /* Project object */;
}
